
Microsoft Visual Studio Solution File, Format Version 12.00
# Visual Studio 15
VisualStudioVersion = 15.0.28307.902
MinimumVisualStudioVersion = 10.0.40219.1
Project("{FAE04EC0-301F-11D3-BF4B-00C04F79EFBC}") = "homehubtool", "homehubtool\homehubtool.csproj", "{64955045-1F87-46AF-A417-A72788857979}"
EndProject
Global
	GlobalSection(SolutionConfigurationPlatforms) = preSolution
		Debug|Any CPU = Debug|Any CPU
		Release|Any CPU = Release|Any CPU
	EndGlobalSection
	GlobalSection(ProjectConfigurationPlatforms) = postSolution
		{64955045-1F87-46AF-A417-A72788857979}.Debug|Any CPU.ActiveCfg = Debug|Any CPU
		{64955045-1F87-46AF-A417-A72788857979}.Debug|Any CPU.Build.0 = Debug|Any CPU
		{64955045-1F87-46AF-A417-A72788857979}.Release|Any CPU.ActiveCfg = Release|Any CPU
		{64955045-1F87-46AF-A417-A72788857979}.Release|Any CPU.Build.0 = Release|Any CPU
	EndGlobalSection
	GlobalSection(SolutionProperties) = preSolution
		HideSolutionNode = FALSE
	EndGlobalSection
	GlobalSection(ExtensibilityGlobals) = postSolution
		SolutionGuid = {35338D8B-9094-432B-8CCF-9FFDF323896B}
	EndGlobalSection
EndGlobal
